
Microsoft Visual Studio Solution File, Format Version 12.00
# Visual Studio Version 16
VisualStudioVersion = 16.0.29324.140
MinimumVisualStudioVersion = 10.0.40219.1
Project("{FAE04EC0-301F-11D3-BF4B-00C04F79EFBC}") = "AdvanceSystem", "AdvanceSystem.csproj", "{9643B13C-CD50-497E-A3CB-317F3FB293ED}"
EndProject
Project("{FAE04EC0-301F-11D3-BF4B-00C04F79EFBC}") = "AutoDeductions", "..\AutoDeductions\AutoDeductions.csproj", "{7CBFA93F-F5C0-4E83-856D-8E65ADF644D6}"
EndProject
Global
	GlobalSection(SolutionConfigurationPlatforms) = preSolution
		Debug|Any CPU = Debug|Any CPU
		Release|Any CPU = Release|Any CPU
	EndGlobalSection
	GlobalSection(ProjectConfigurationPlatforms) = postSolution
		{9643B13C-CD50-497E-A3CB-317F3FB293ED}.Debug|Any CPU.ActiveCfg = Debug|Any CPU
		{9643B13C-CD50-497E-A3CB-317F3FB293ED}.Debug|Any CPU.Build.0 = Debug|Any CPU
		{9643B13C-CD50-497E-A3CB-317F3FB293ED}.Release|Any CPU.ActiveCfg = Release|Any CPU
		{9643B13C-CD50-497E-A3CB-317F3FB293ED}.Release|Any CPU.Build.0 = Release|Any CPU
		{7CBFA93F-F5C0-4E83-856D-8E65ADF644D6}.Debug|Any CPU.ActiveCfg = Debug|Any CPU
		{7CBFA93F-F5C0-4E83-856D-8E65ADF644D6}.Debug|Any CPU.Build.0 = Debug|Any CPU
		{7CBFA93F-F5C0-4E83-856D-8E65ADF644D6}.Release|Any CPU.ActiveCfg = Release|Any CPU
		{7CBFA93F-F5C0-4E83-856D-8E65ADF644D6}.Release|Any CPU.Build.0 = Release|Any CPU
	EndGlobalSection
	GlobalSection(SolutionProperties) = preSolution
		HideSolutionNode = FALSE
	EndGlobalSection
	GlobalSection(ExtensibilityGlobals) = postSolution
		SolutionGuid = {A9858F5A-5786-4139-83B4-E3112A967938}
	EndGlobalSection
EndGlobal
